// !$*UTF8*$!
{
	archiveVersion = 1;
	classes = {
	};
	objectVersion = 56;
	objects = {

/* Begin PBXBuildFile section */
		B20543562A3A37B900F1D86C /* SearchBar.swift in Sources */ = {isa = PBXBuildFile; fileRef = B20543552A3A37B900F1D86C /* SearchBar.swift */; };
		B20543582A3A452600F1D86C /* ScrollSection.swift in Sources */ = {isa = PBXBuildFile; fileRef = B20543572A3A452600F1D86C /* ScrollSection.swift */; };
		B205435A2A3A4AF300F1D86C /* PlantCard.swift in Sources */ = {isa = PBXBuildFile; fileRef = B20543592A3A4AF300F1D86C /* PlantCard.swift */; };
		B205435C2A3A56BD00F1D86C /* PlantModel.swift in Sources */ = {isa = PBXBuildFile; fileRef = B205435B2A3A56BD00F1D86C /* PlantModel.swift */; };
		B205435E2A3AE28000F1D86C /* ProductDetailView.swift in Sources */ = {isa = PBXBuildFile; fileRef = B205435D2A3AE28000F1D86C /* ProductDetailView.swift */; };
		B20543622A3BDE3900F1D86C /* SecondBtn.swift in Sources */ = {isa = PBXBuildFile; fileRef = B20543612A3BDE3900F1D86C /* SecondBtn.swift */; };
		B20543642A3FC0D200F1D86C /* CartButton.swift in Sources */ = {isa = PBXBuildFile; fileRef = B20543632A3FC0D200F1D86C /* CartButton.swift */; };
		B20543662A3FC37A00F1D86C /* CartView.swift in Sources */ = {isa = PBXBuildFile; fileRef = B20543652A3FC37A00F1D86C /* CartView.swift */; };
		B20543682A3FC47C00F1D86C /* CartManager.swift in Sources */ = {isa = PBXBuildFile; fileRef = B20543672A3FC47C00F1D86C /* CartManager.swift */; };
		B205436A2A3FCC9400F1D86C /* ProductRow.swift in Sources */ = {isa = PBXBuildFile; fileRef = B20543692A3FCC9400F1D86C /* ProductRow.swift */; };
		B21D81AC2A2130B900BDBE93 /* PlantCodeiOSApp.swift in Sources */ = {isa = PBXBuildFile; fileRef = B21D81AB2A2130B900BDBE93 /* PlantCodeiOSApp.swift */; };
		B21D81B02A2130BA00BDBE93 /* Assets.xcassets in Resources */ = {isa = PBXBuildFile; fileRef = B21D81AF2A2130BA00BDBE93 /* Assets.xcassets */; };
		B21D81B32A2130BA00BDBE93 /* Preview Assets.xcassets in Resources */ = {isa = PBXBuildFile; fileRef = B21D81B22A2130BA00BDBE93 /* Preview Assets.xcassets */; };
		B21D81B92A219B9C00BDBE93 /* OnboardingView.swift in Sources */ = {isa = PBXBuildFile; fileRef = B21D81AD2A2130B900BDBE93 /* OnboardingView.swift */; };
		B21D81BB2A21BBDC00BDBE93 /* ARDetectView.swift in Sources */ = {isa = PBXBuildFile; fileRef = B21D81BA2A21BBDC00BDBE93 /* ARDetectView.swift */; };
		B21D81BD2A2E765B00BDBE93 /* ContentView.swift in Sources */ = {isa = PBXBuildFile; fileRef = B21D81BC2A2E765B00BDBE93 /* ContentView.swift */; };
		B21D81BF2A2E7B3000BDBE93 /* PreferSetView.swift in Sources */ = {isa = PBXBuildFile; fileRef = B21D81BE2A2E7B3000BDBE93 /* PreferSetView.swift */; };
		B21D81C12A2E7C5E00BDBE93 /* AccountView.swift in Sources */ = {isa = PBXBuildFile; fileRef = B21D81C02A2E7C5E00BDBE93 /* AccountView.swift */; };
		B21D81C72A2FDB0500BDBE93 /* ShopView.swift in Sources */ = {isa = PBXBuildFile; fileRef = B21D81C62A2FDB0500BDBE93 /* ShopView.swift */; };
		B21D81C92A32A52700BDBE93 /* QuestionView.swift in Sources */ = {isa = PBXBuildFile; fileRef = B21D81C82A32A52700BDBE93 /* QuestionView.swift */; };
		B21D81CC2A32A8E300BDBE93 /* AnswerRow.swift in Sources */ = {isa = PBXBuildFile; fileRef = B21D81CB2A32A8E300BDBE93 /* AnswerRow.swift */; };
		B21D81CF2A33B08000BDBE93 /* ProjColor.swift in Sources */ = {isa = PBXBuildFile; fileRef = B21D81CE2A33B08000BDBE93 /* ProjColor.swift */; };
		B21D81D12A33F17400BDBE93 /* PrimaryBtn.swift in Sources */ = {isa = PBXBuildFile; fileRef = B21D81D02A33F17400BDBE93 /* PrimaryBtn.swift */; };
		B21D81D42A342BC500BDBE93 /* QuestionModel.swift in Sources */ = {isa = PBXBuildFile; fileRef = B21D81D32A342BC500BDBE93 /* QuestionModel.swift */; };
		B21D81DA2A35A06C00BDBE93 /* QuestionManager.swift in Sources */ = {isa = PBXBuildFile; fileRef = B21D81D92A35A06C00BDBE93 /* QuestionManager.swift */; };
		B2C152D82AE236FB00042264 /* ProductModel.swift in Sources */ = {isa = PBXBuildFile; fileRef = B2C152D72AE236FB00042264 /* ProductModel.swift */; };
/* End PBXBuildFile section */

/* Begin PBXFileReference section */
		B20543552A3A37B900F1D86C /* SearchBar.swift */ = {isa = PBXFileReference; lastKnownFileType = sourcecode.swift; path = SearchBar.swift; sourceTree = "<group>"; };
		B20543572A3A452600F1D86C /* ScrollSection.swift */ = {isa = PBXFileReference; lastKnownFileType = sourcecode.swift; path = ScrollSection.swift; sourceTree = "<group>"; };
		B20543592A3A4AF300F1D86C /* PlantCard.swift */ = {isa = PBXFileReference; lastKnownFileType = sourcecode.swift; path = PlantCard.swift; sourceTree = "<group>"; };
		B205435B2A3A56BD00F1D86C /* PlantModel.swift */ = {isa = PBXFileReference; lastKnownFileType = sourcecode.swift; path = PlantModel.swift; sourceTree = "<group>"; };
		B205435D2A3AE28000F1D86C /* ProductDetailView.swift */ = {isa = PBXFileReference; lastKnownFileType = sourcecode.swift; path = ProductDetailView.swift; sourceTree = "<group>"; };
		B20543612A3BDE3900F1D86C /* SecondBtn.swift */ = {isa = PBXFileReference; lastKnownFileType = sourcecode.swift; path = SecondBtn.swift; sourceTree = "<group>"; };
		B20543632A3FC0D200F1D86C /* CartButton.swift */ = {isa = PBXFileReference; lastKnownFileType = sourcecode.swift; path = CartButton.swift; sourceTree = "<group>"; };
		B20543652A3FC37A00F1D86C /* CartView.swift */ = {isa = PBXFileReference; lastKnownFileType = sourcecode.swift; path = CartView.swift; sourceTree = "<group>"; };
		B20543672A3FC47C00F1D86C /* CartManager.swift */ = {isa = PBXFileReference; lastKnownFileType = sourcecode.swift; path = CartManager.swift; sourceTree = "<group>"; };
		B20543692A3FCC9400F1D86C /* ProductRow.swift */ = {isa = PBXFileReference; lastKnownFileType = sourcecode.swift; path = ProductRow.swift; sourceTree = "<group>"; };
		B21D81A82A2130B900BDBE93 /* PlantCodeiOS15.app */ = {isa = PBXFileReference; explicitFileType = wrapper.application; includeInIndex = 0; path = PlantCodeiOS15.app; sourceTree = BUILT_PRODUCTS_DIR; };
		B21D81AB2A2130B900BDBE93 /* PlantCodeiOSApp.swift */ = {isa = PBXFileReference; lastKnownFileType = sourcecode.swift; path = PlantCodeiOSApp.swift; sourceTree = "<group>"; };
		B21D81AD2A2130B900BDBE93 /* OnboardingView.swift */ = {isa = PBXFileReference; lastKnownFileType = sourcecode.swift; path = OnboardingView.swift; sourceTree = "<group>"; };
		B21D81AF2A2130BA00BDBE93 /* Assets.xcassets */ = {isa = PBXFileReference; lastKnownFileType = folder.assetcatalog; path = Assets.xcassets; sourceTree = "<group>"; };
		B21D81B22A2130BA00BDBE93 /* Preview Assets.xcassets */ = {isa = PBXFileReference; lastKnownFileType = folder.assetcatalog; path = "Preview Assets.xcassets"; sourceTree = "<group>"; };
		B21D81BA2A21BBDC00BDBE93 /* ARDetectView.swift */ = {isa = PBXFileReference; lastKnownFileType = sourcecode.swift; path = ARDetectView.swift; sourceTree = "<group>"; };
		B21D81BC2A2E765B00BDBE93 /* ContentView.swift */ = {isa = PBXFileReference; lastKnownFileType = sourcecode.swift; path = ContentView.swift; sourceTree = "<group>"; };
		B21D81BE2A2E7B3000BDBE93 /* PreferSetView.swift */ = {isa = PBXFileReference; lastKnownFileType = sourcecode.swift; path = PreferSetView.swift; sourceTree = "<group>"; };
		B21D81C02A2E7C5E00BDBE93 /* AccountView.swift */ = {isa = PBXFileReference; lastKnownFileType = sourcecode.swift; path = AccountView.swift; sourceTree = "<group>"; };
		B21D81C62A2FDB0500BDBE93 /* ShopView.swift */ = {isa = PBXFileReference; lastKnownFileType = sourcecode.swift; path = ShopView.swift; sourceTree = "<group>"; };
		B21D81C82A32A52700BDBE93 /* QuestionView.swift */ = {isa = PBXFileReference; lastKnownFileType = sourcecode.swift; path = QuestionView.swift; sourceTree = "<group>"; };
		B21D81CB2A32A8E300BDBE93 /* AnswerRow.swift */ = {isa = PBXFileReference; lastKnownFileType = sourcecode.swift; path = AnswerRow.swift; sourceTree = "<group>"; };
		B21D81CE2A33B08000BDBE93 /* ProjColor.swift */ = {isa = PBXFileReference; lastKnownFileType = sourcecode.swift; path = ProjColor.swift; sourceTree = "<group>"; };
		B21D81D02A33F17400BDBE93 /* PrimaryBtn.swift */ = {isa = PBXFileReference; lastKnownFileType = sourcecode.swift; path = PrimaryBtn.swift; sourceTree = "<group>"; };
		B21D81D32A342BC500BDBE93 /* QuestionModel.swift */ = {isa = PBXFileReference; lastKnownFileType = sourcecode.swift; path = QuestionModel.swift; sourceTree = "<group>"; };
		B21D81D92A35A06C00BDBE93 /* QuestionManager.swift */ = {isa = PBXFileReference; lastKnownFileType = sourcecode.swift; path = QuestionManager.swift; sourceTree = "<group>"; };
		B2C152D72AE236FB00042264 /* ProductModel.swift */ = {isa = PBXFileReference; lastKnownFileType = sourcecode.swift; path = ProductModel.swift; sourceTree = "<group>"; };
/* End PBXFileReference section */

/* Begin PBXFrameworksBuildPhase section */
		B21D81A52A2130B900BDBE93 /* Frameworks */ = {
			isa = PBXFrameworksBuildPhase;
			buildActionMask = 2147483647;
			files = (
			);
			runOnlyForDeploymentPostprocessing = 0;
		};
/* End PBXFrameworksBuildPhase section */

/* Begin PBXGroup section */
		B21D819F2A2130B900BDBE93 = {
			isa = PBXGroup;
			children = (
				B21D81AA2A2130B900BDBE93 /* PlantCodeiOS */,
				B21D81A92A2130B900BDBE93 /* Products */,
			);
			sourceTree = "<group>";
		};
		B21D81A92A2130B900BDBE93 /* Products */ = {
			isa = PBXGroup;
			children = (
				B21D81A82A2130B900BDBE93 /* PlantCodeiOS15.app */,
			);
			name = Products;
			sourceTree = "<group>";
		};
		B21D81AA2A2130B900BDBE93 /* PlantCodeiOS */ = {
			isa = PBXGroup;
			children = (
				B21D81AB2A2130B900BDBE93 /* PlantCodeiOSApp.swift */,
				B21D81D62A35005300BDBE93 /* Controllers */,
				B21D81D52A35000000BDBE93 /* Views */,
				B21D81D22A342B3400BDBE93 /* Models */,
				B21D81CA2A32A8A000BDBE93 /* Components */,
				B21D81CD2A33B03E00BDBE93 /* Styles */,
				B21D81AF2A2130BA00BDBE93 /* Assets.xcassets */,
				B21D81B12A2130BA00BDBE93 /* Preview Content */,
			);
			path = PlantCodeiOS;
			sourceTree = "<group>";
		};
		B21D81B12A2130BA00BDBE93 /* Preview Content */ = {
			isa = PBXGroup;
			children = (
				B21D81B22A2130BA00BDBE93 /* Preview Assets.xcassets */,
			);
			path = "Preview Content";
			sourceTree = "<group>";
		};
		B21D81CA2A32A8A000BDBE93 /* Components */ = {
			isa = PBXGroup;
			children = (
				B21D81CB2A32A8E300BDBE93 /* AnswerRow.swift */,
				B20543552A3A37B900F1D86C /* SearchBar.swift */,
				B20543572A3A452600F1D86C /* ScrollSection.swift */,
				B20543592A3A4AF300F1D86C /* PlantCard.swift */,
				B21D81D02A33F17400BDBE93 /* PrimaryBtn.swift */,
				B20543612A3BDE3900F1D86C /* SecondBtn.swift */,
				B20543632A3FC0D200F1D86C /* CartButton.swift */,
				B20543692A3FCC9400F1D86C /* ProductRow.swift */,
			);
			path = Components;
			sourceTree = "<group>";
		};
		B21D81CD2A33B03E00BDBE93 /* Styles */ = {
			isa = PBXGroup;
			children = (
				B21D81CE2A33B08000BDBE93 /* ProjColor.swift */,
			);
			path = Styles;
			sourceTree = "<group>";
		};
		B21D81D22A342B3400BDBE93 /* Models */ = {
			isa = PBXGroup;
			children = (
				B21D81D32A342BC500BDBE93 /* QuestionModel.swift */,
				B205435B2A3A56BD00F1D86C /* PlantModel.swift */,
				B2C152D72AE236FB00042264 /* ProductModel.swift */,
			);
			path = Models;
			sourceTree = "<group>";
		};
		B21D81D52A35000000BDBE93 /* Views */ = {
			isa = PBXGroup;
			children = (
				B21D81BC2A2E765B00BDBE93 /* ContentView.swift */,
				B21D81AD2A2130B900BDBE93 /* OnboardingView.swift */,
				B21D81C62A2FDB0500BDBE93 /* ShopView.swift */,
				B21D81BA2A21BBDC00BDBE93 /* ARDetectView.swift */,
				B21D81BE2A2E7B3000BDBE93 /* PreferSetView.swift */,
				B21D81C82A32A52700BDBE93 /* QuestionView.swift */,
				B21D81C02A2E7C5E00BDBE93 /* AccountView.swift */,
				B205435D2A3AE28000F1D86C /* ProductDetailView.swift */,
				B20543652A3FC37A00F1D86C /* CartView.swift */,
			);
			path = Views;
			sourceTree = "<group>";
		};
		B21D81D62A35005300BDBE93 /* Controllers */ = {
			isa = PBXGroup;
			children = (
				B21D81D92A35A06C00BDBE93 /* QuestionManager.swift */,
				B20543672A3FC47C00F1D86C /* CartManager.swift */,
			);
			path = Controllers;
			sourceTree = "<group>";
		};
/* End PBXGroup section */

/* Begin PBXNativeTarget section */
		B21D81A72A2130B900BDBE93 /* PlantCodeiOS15 */ = {
			isa = PBXNativeTarget;
			buildConfigurationList = B21D81B62A2130BA00BDBE93 /* Build configuration list for PBXNativeTarget "PlantCodeiOS15" */;
			buildPhases = (
				B21D81A42A2130B900BDBE93 /* Sources */,
				B21D81A52A2130B900BDBE93 /* Frameworks */,
				B21D81A62A2130B900BDBE93 /* Resources */,
			);
			buildRules = (
			);
			dependencies = (
			);
			name = PlantCodeiOS15;
			productName = PlantCodeiOS15;
			productReference = B21D81A82A2130B900BDBE93 /* PlantCodeiOS15.app */;
			productType = "com.apple.product-type.application";
		};
/* End PBXNativeTarget section */

/* Begin PBXProject section */
		B21D81A02A2130B900BDBE93 /* Project object */ = {
			isa = PBXProject;
			attributes = {
				BuildIndependentTargetsInParallel = 1;
				LastSwiftUpdateCheck = 1430;
				LastUpgradeCheck = 1430;
				TargetAttributes = {
					B21D81A72A2130B900BDBE93 = {
						CreatedOnToolsVersion = 14.3;
					};
				};
			};
			buildConfigurationList = B21D81A32A2130B900BDBE93 /* Build configuration list for PBXProject "PlantCodeiOS" */;
			compatibilityVersion = "Xcode 14.0";
			developmentRegion = en;
			hasScannedForEncodings = 0;
			knownRegions = (
				en,
				Base,
			);
			mainGroup = B21D819F2A2130B900BDBE93;
			productRefGroup = B21D81A92A2130B900BDBE93 /* Products */;
			projectDirPath = "";
			projectRoot = "";
			targets = (
				B21D81A72A2130B900BDBE93 /* PlantCodeiOS15 */,
			);
		};
/* End PBXProject section */

/* Begin PBXResourcesBuildPhase section */
		B21D81A62A2130B900BDBE93 /* Resources */ = {
			isa = PBXResourcesBuildPhase;
			buildActionMask = 2147483647;
			files = (
				B21D81B32A2130BA00BDBE93 /* Preview Assets.xcassets in Resources */,
				B21D81B02A2130BA00BDBE93 /* Assets.xcassets in Resources */,
			);
			runOnlyForDeploymentPostprocessing = 0;
		};
/* End PBXResourcesBuildPhase section */

/* Begin PBXSourcesBuildPhase section */
		B21D81A42A2130B900BDBE93 /* Sources */ = {
			isa = PBXSourcesBuildPhase;
			buildActionMask = 2147483647;
			files = (
				B21D81C92A32A52700BDBE93 /* QuestionView.swift in Sources */,
				B21D81CC2A32A8E300BDBE93 /* AnswerRow.swift in Sources */,
				B20543582A3A452600F1D86C /* ScrollSection.swift in Sources */,
				B20543682A3FC47C00F1D86C /* CartManager.swift in Sources */,
				B205435A2A3A4AF300F1D86C /* PlantCard.swift in Sources */,
				B21D81C12A2E7C5E00BDBE93 /* AccountView.swift in Sources */,
				B21D81D42A342BC500BDBE93 /* QuestionModel.swift in Sources */,
				B2C152D82AE236FB00042264 /* ProductModel.swift in Sources */,
				B205436A2A3FCC9400F1D86C /* ProductRow.swift in Sources */,
				B21D81B92A219B9C00BDBE93 /* OnboardingView.swift in Sources */,
				B21D81BF2A2E7B3000BDBE93 /* PreferSetView.swift in Sources */,
				B21D81DA2A35A06C00BDBE93 /* QuestionManager.swift in Sources */,
				B20543642A3FC0D200F1D86C /* CartButton.swift in Sources */,
				B20543562A3A37B900F1D86C /* SearchBar.swift in Sources */,
				B21D81AC2A2130B900BDBE93 /* PlantCodeiOSApp.swift in Sources */,
				B21D81BB2A21BBDC00BDBE93 /* ARDetectView.swift in Sources */,
				B21D81BD2A2E765B00BDBE93 /* ContentView.swift in Sources */,
				B21D81CF2A33B08000BDBE93 /* ProjColor.swift in Sources */,
				B20543662A3FC37A00F1D86C /* CartView.swift in Sources */,
				B205435C2A3A56BD00F1D86C /* PlantModel.swift in Sources */,
				B21D81D12A33F17400BDBE93 /* PrimaryBtn.swift in Sources */,
				B21D81C72A2FDB0500BDBE93 /* ShopView.swift in Sources */,
				B20543622A3BDE3900F1D86C /* SecondBtn.swift in Sources */,
				B205435E2A3AE28000F1D86C /* ProductDetailView.swift in Sources */,
			);
			runOnlyForDeploymentPostprocessing = 0;
		};
/* End PBXSourcesBuildPhase section */

/* Begin XCBuildConfiguration section */
		B21D81B42A2130BA00BDBE93 /* Debug */ = {
			isa = XCBuildConfiguration;
			buildSettings = {
				ALWAYS_SEARCH_USER_PATHS = NO;
				CLANG_ANALYZER_NONNULL = YES;
				CLANG_ANALYZER_NUMBER_OBJECT_CONVERSION = YES_AGGRESSIVE;
				CLANG_CXX_LANGUAGE_STANDARD = "gnu++20";
				CLANG_ENABLE_MODULES = YES;
				CLANG_ENABLE_OBJC_ARC = YES;
				CLANG_ENABLE_OBJC_WEAK = YES;
				CLANG_WARN_BLOCK_CAPTURE_AUTORELEASING = YES;
				CLANG_WARN_BOOL_CONVERSION = YES;
				CLANG_WARN_COMMA = YES;
				CLANG_WARN_CONSTANT_CONVERSION = YES;
				CLANG_WARN_DEPRECATED_OBJC_IMPLEMENTATIONS = YES;
				CLANG_WARN_DIRECT_OBJC_ISA_USAGE = YES_ERROR;
				CLANG_WARN_DOCUMENTATION_COMMENTS = YES;
				CLANG_WARN_EMPTY_BODY = YES;
				CLANG_WARN_ENUM_CONVERSION = YES;
				CLANG_WARN_INFINITE_RECURSION = YES;
				CLANG_WARN_INT_CONVERSION = YES;
				CLANG_WARN_NON_LITERAL_NULL_CONVERSION = YES;
				CLANG_WARN_OBJC_IMPLICIT_RETAIN_SELF = YES;
				CLANG_WARN_OBJC_LITERAL_CONVERSION = YES;
				CLANG_WARN_OBJC_ROOT_CLASS = YES_ERROR;
				CLANG_WARN_QUOTED_INCLUDE_IN_FRAMEWORK_HEADER = YES;
				CLANG_WARN_RANGE_LOOP_ANALYSIS = YES;
				CLANG_WARN_STRICT_PROTOTYPES = YES;
				CLANG_WARN_SUSPICIOUS_MOVE = YES;
				CLANG_WARN_UNGUARDED_AVAILABILITY = YES_AGGRESSIVE;
				CLANG_WARN_UNREACHABLE_CODE = YES;
				CLANG_WARN__DUPLICATE_METHOD_MATCH = YES;
				COPY_PHASE_STRIP = NO;
				DEBUG_INFORMATION_FORMAT = dwarf;
				ENABLE_STRICT_OBJC_MSGSEND = YES;
				ENABLE_TESTABILITY = YES;
				GCC_C_LANGUAGE_STANDARD = gnu11;
				GCC_DYNAMIC_NO_PIC = NO;
				GCC_NO_COMMON_BLOCKS = YES;
				GCC_OPTIMIZATION_LEVEL = 0;
				GCC_PREPROCESSOR_DEFINITIONS = (
					"DEBUG=1",
					"$(inherited)",
				);
				GCC_WARN_64_TO_32_BIT_CONVERSION = YES;
				GCC_WARN_ABOUT_RETURN_TYPE = YES_ERROR;
				GCC_WARN_UNDECLARED_SELECTOR = YES;
				GCC_WARN_UNINITIALIZED_AUTOS = YES_AGGRESSIVE;
				GCC_WARN_UNUSED_FUNCTION = YES;
				GCC_WARN_UNUSED_VARIABLE = YES;
				IPHONEOS_DEPLOYMENT_TARGET = 16.4;
				MTL_ENABLE_DEBUG_INFO = INCLUDE_SOURCE;
				MTL_FAST_MATH = YES;
				ONLY_ACTIVE_ARCH = YES;
				SDKROOT = iphoneos;
				SWIFT_ACTIVE_COMPILATION_CONDITIONS = DEBUG;
				SWIFT_OPTIMIZATION_LEVEL = "-Onone";
				SWIFT_VERSION = 5.0;
			};
			name = Debug;
		};
		B21D81B52A2130BA00BDBE93 /* Release */ = {
			isa = XCBuildConfiguration;
			buildSettings = {
				ALWAYS_SEARCH_USER_PATHS = NO;
				CLANG_ANALYZER_NONNULL = YES;
				CLANG_ANALYZER_NUMBER_OBJECT_CONVERSION = YES_AGGRESSIVE;
				CLANG_CXX_LANGUAGE_STANDARD = "gnu++20";
				CLANG_ENABLE_MODULES = YES;
				CLANG_ENABLE_OBJC_ARC = YES;
				CLANG_ENABLE_OBJC_WEAK = YES;
				CLANG_WARN_BLOCK_CAPTURE_AUTORELEASING = YES;
				CLANG_WARN_BOOL_CONVERSION = YES;
				CLANG_WARN_COMMA = YES;
				CLANG_WARN_CONSTANT_CONVERSION = YES;
				CLANG_WARN_DEPRECATED_OBJC_IMPLEMENTATIONS = YES;
				CLANG_WARN_DIRECT_OBJC_ISA_USAGE = YES_ERROR;
				CLANG_WARN_DOCUMENTATION_COMMENTS = YES;
				CLANG_WARN_EMPTY_BODY = YES;
				CLANG_WARN_ENUM_CONVERSION = YES;
				CLANG_WARN_INFINITE_RECURSION = YES;
				CLANG_WARN_INT_CONVERSION = YES;
				CLANG_WARN_NON_LITERAL_NULL_CONVERSION = YES;
				CLANG_WARN_OBJC_IMPLICIT_RETAIN_SELF = YES;
				CLANG_WARN_OBJC_LITERAL_CONVERSION = YES;
				CLANG_WARN_OBJC_ROOT_CLASS = YES_ERROR;
				CLANG_WARN_QUOTED_INCLUDE_IN_FRAMEWORK_HEADER = YES;
				CLANG_WARN_RANGE_LOOP_ANALYSIS = YES;
				CLANG_WARN_STRICT_PROTOTYPES = YES;
				CLANG_WARN_SUSPICIOUS_MOVE = YES;
				CLANG_WARN_UNGUARDED_AVAILABILITY = YES_AGGRESSIVE;
				CLANG_WARN_UNREACHABLE_CODE = YES;
				CLANG_WARN__DUPLICATE_METHOD_MATCH = YES;
				COPY_PHASE_STRIP = NO;
				DEBUG_INFORMATION_FORMAT = "dwarf-with-dsym";
				ENABLE_NS_ASSERTIONS = NO;
				ENABLE_STRICT_OBJC_MSGSEND = YES;
				GCC_C_LANGUAGE_STANDARD = gnu11;
				GCC_NO_COMMON_BLOCKS = YES;
				GCC_WARN_64_TO_32_BIT_CONVERSION = YES;
				GCC_WARN_ABOUT_RETURN_TYPE = YES_ERROR;
				GCC_WARN_UNDECLARED_SELECTOR = YES;
				GCC_WARN_UNINITIALIZED_AUTOS = YES_AGGRESSIVE;
				GCC_WARN_UNUSED_FUNCTION = YES;
				GCC_WARN_UNUSED_VARIABLE = YES;
				IPHONEOS_DEPLOYMENT_TARGET = 16.4;
				MTL_ENABLE_DEBUG_INFO = NO;
				MTL_FAST_MATH = YES;
				SDKROOT = iphoneos;
				SWIFT_COMPILATION_MODE = wholemodule;
				SWIFT_OPTIMIZATION_LEVEL = "-O";
				SWIFT_VERSION = 5.0;
				VALIDATE_PRODUCT = YES;
			};
			name = Release;
		};
		B21D81B72A2130BA00BDBE93 /* Debug */ = {
			isa = XCBuildConfiguration;
			buildSettings = {
				ASSETCATALOG_COMPILER_APPICON_NAME = AppIcon;
				ASSETCATALOG_COMPILER_GLOBAL_ACCENT_COLOR_NAME = AccentColor;
				CODE_SIGN_STYLE = Automatic;
				CURRENT_PROJECT_VERSION = 1;
				DEVELOPMENT_ASSET_PATHS = "\"PlantCodeiOS/Preview Content\"";
				ENABLE_PREVIEWS = YES;
				GENERATE_INFOPLIST_FILE = YES;
				INFOPLIST_KEY_UIApplicationSceneManifest_Generation = YES;
				INFOPLIST_KEY_UIApplicationSupportsIndirectInputEvents = YES;
				INFOPLIST_KEY_UILaunchScreen_Generation = YES;
				INFOPLIST_KEY_UISupportedInterfaceOrientations_iPad = "UIInterfaceOrientationPortrait UIInterfaceOrientationPortraitUpsideDown UIInterfaceOrientationLandscapeLeft UIInterfaceOrientationLandscapeRight";
				INFOPLIST_KEY_UISupportedInterfaceOrientations_iPhone = "UIInterfaceOrientationPortrait UIInterfaceOrientationLandscapeLeft UIInterfaceOrientationLandscapeRight";
				LD_RUNPATH_SEARCH_PATHS = (
					"$(inherited)",
					"@executable_path/Frameworks",
				);
				MARKETING_VERSION = 1.0;
				PRODUCT_BUNDLE_IDENTIFIER = osu.sunshine.PlantCodeiOS15;
				PRODUCT_NAME = "$(TARGET_NAME)";
				SWIFT_EMIT_LOC_STRINGS = YES;
				SWIFT_VERSION = 5.0;
				TARGETED_DEVICE_FAMILY = "1,2";
			};
			name = Debug;
		};
		B21D81B82A2130BA00BDBE93 /* Release */ = {
			isa = XCBuildConfiguration;
			buildSettings = {
				ASSETCATALOG_COMPILER_APPICON_NAME = AppIcon;
				ASSETCATALOG_COMPILER_GLOBAL_ACCENT_COLOR_NAME = AccentColor;
				CODE_SIGN_STYLE = Automatic;
				CURRENT_PROJECT_VERSION = 1;
				DEVELOPMENT_ASSET_PATHS = "\"PlantCodeiOS/Preview Content\"";
				ENABLE_PREVIEWS = YES;
				GENERATE_INFOPLIST_FILE = YES;
				INFOPLIST_KEY_UIApplicationSceneManifest_Generation = YES;
				INFOPLIST_KEY_UIApplicationSupportsIndirectInputEvents = YES;
				INFOPLIST_KEY_UILaunchScreen_Generation = YES;
				INFOPLIST_KEY_UISupportedInterfaceOrientations_iPad = "UIInterfaceOrientationPortrait UIInterfaceOrientationPortraitUpsideDown UIInterfaceOrientationLandscapeLeft UIInterfaceOrientationLandscapeRight";
				INFOPLIST_KEY_UISupportedInterfaceOrientations_iPhone = "UIInterfaceOrientationPortrait UIInterfaceOrientationLandscapeLeft UIInterfaceOrientationLandscapeRight";
				LD_RUNPATH_SEARCH_PATHS = (
					"$(inherited)",
					"@executable_path/Frameworks",
				);
				MARKETING_VERSION = 1.0;
				PRODUCT_BUNDLE_IDENTIFIER = osu.sunshine.PlantCodeiOS15;
				PRODUCT_NAME = "$(TARGET_NAME)";
				SWIFT_EMIT_LOC_STRINGS = YES;
				SWIFT_VERSION = 5.0;
				TARGETED_DEVICE_FAMILY = "1,2";
			};
			name = Release;
		};
/* End XCBuildConfiguration section */

/* Begin XCConfigurationList section */
		B21D81A32A2130B900BDBE93 /* Build configuration list for PBXProject "PlantCodeiOS" */ = {
			isa = XCConfigurationList;
			buildConfigurations = (
				B21D81B42A2130BA00BDBE93 /* Debug */,
				B21D81B52A2130BA00BDBE93 /* Release */,
			);
			defaultConfigurationIsVisible = 0;
			defaultConfigurationName = Release;
		};
		B21D81B62A2130BA00BDBE93 /* Build configuration list for PBXNativeTarget "PlantCodeiOS15" */ = {
			isa = XCConfigurationList;
			buildConfigurations = (
				B21D81B72A2130BA00BDBE93 /* Debug */,
				B21D81B82A2130BA00BDBE93 /* Release */,
			);
			defaultConfigurationIsVisible = 0;
			defaultConfigurationName = Release;
		};
/* End XCConfigurationList section */
	};
	rootObject = B21D81A02A2130B900BDBE93 /* Project object */;
}
